{
  "nodes": {
    "core": {
      "inputs": {
        "home-manager": "home-manager",
        "nixpkgs": [
          "nixpkgs"
        ]
      },
      "locked": {
        "lastModified": 1659079490,
        "narHash": "sha256-UhFwHcUNn8Efp8aX0svXL4S4hC+k2+rCy37iaplchl4=",
        "owner": "plumelo",
        "repo": "nixos",
        "rev": "80e6ee6ec23c55a1c3c73ff1b61115bdb1c62107",
        "type": "github"
      },
      "original": {
        "owner": "plumelo",
        "repo": "nixos",
        "type": "github"
      }
    },
    "home-manager": {
      "inputs": {
        "nixpkgs": [
          "core",
          "nixpkgs"
        ],
        "utils": "utils"
      },
      "locked": {
        "lastModified": 1661467949,
        "narHash": "sha256-GYyuIZYQRp+l/IPFkFrmYRJz80aXpnz8HYfaye7rGwM=",
        "owner": "nix-community",
        "repo": "home-manager",
        "rev": "3d3bbdfe955383033fd17c28d2b1e93d48515d7d",
        "type": "github"
      },
      "original": {
        "owner": "nix-community",
        "repo": "home-manager",
        "type": "github"
      }
    },
    "nix-vim": {
      "inputs": {
        "nixpkgs": [
          "nixpkgs"
        ]
      },
      "locked": {
        "lastModified": 1659079408,
        "narHash": "sha256-6vOg/TROnGxKw4TrnC4yL1QUWYmDmHooXqepkKeaXpA=",
        "owner": "megheaiulian",
        "repo": "nix-vim",
        "rev": "5ad6490ba4a43979f70c3aec1040a91bcf4e6e69",
        "type": "github"
      },
      "original": {
        "owner": "megheaiulian",
        "repo": "nix-vim",
        "type": "github"
      }
    },
    "nixpkgs": {
      "locked": {
        "lastModified": 1661404419,
        "narHash": "sha256-7+xPaxDIH9TIiv1AnKe8T7G/yKER0oXvhXdF5nRw1WI=",
        "owner": "nixos",
        "repo": "nixpkgs",
        "rev": "3bbe5c61d3b8aaa7af8bf375dce2858385607186",
        "type": "github"
      },
      "original": {
        "owner": "nixos",
        "ref": "nixos-unstable-small",
        "repo": "nixpkgs",
        "type": "github"
      }
    },
    "root": {
      "inputs": {
        "core": "core",
        "nix-vim": "nix-vim",
        "nixpkgs": "nixpkgs"
      }
    },
    "utils": {
      "locked": {
        "lastModified": 1653893745,
        "narHash": "sha256-0jntwV3Z8//YwuOjzhV2sgJJPt+HY6KhU7VZUL0fKZQ=",
        "owner": "numtide",
        "repo": "flake-utils",
        "rev": "1ed9fb1935d260de5fe1c2f7ee0ebaae17ed2fa1",
        "type": "github"
      },
      "original": {
        "owner": "numtide",
        "repo": "flake-utils",
        "type": "github"
      }
    }
  },
  "root": "root",
  "version": 7
}
