{
  "nodes": {
    "core": {
      "inputs": {
        "home-manager": "home-manager",
        "nixpkgs": [
          "nixpkgs"
        ]
      },
      "locked": {
        "lastModified": 1669009446,
        "narHash": "sha256-A62Qu5NlIJVBLPET5+q8smO3t8B+ItXALvwY5d6Bfds=",
        "owner": "plumelo",
        "repo": "nixos",
        "rev": "c89fbdf3b7d22774dde2ff7b1cf14afd02fba1f2",
        "type": "github"
      },
      "original": {
        "owner": "plumelo",
        "repo": "nixos",
        "type": "github"
      }
    },
    "home-manager": {
      "inputs": {
        "nixpkgs": [
          "core",
          "nixpkgs"
        ],
        "utils": "utils"
      },
      "locked": {
        "lastModified": 1669071065,
        "narHash": "sha256-KBpgj3JkvlPsJ3duOZqFJe6tgr+wc75t8sFmgRbBSbw=",
        "owner": "nix-community",
        "repo": "home-manager",
        "rev": "f7641a3ff398ccce952e19a199d775934e518c1d",
        "type": "github"
      },
      "original": {
        "owner": "nix-community",
        "repo": "home-manager",
        "type": "github"
      }
    },
    "nix-vim": {
      "inputs": {
        "nixpkgs": [
          "nixpkgs"
        ]
      },
      "locked": {
        "lastModified": 1667193812,
        "narHash": "sha256-h7CEPTGUYwFDOhstlR4QElJwLdT3gcQ4F5KwHoCsY9U=",
        "owner": "megheaiulian",
        "repo": "nix-vim",
        "rev": "00f7615bc1f4cc5b26e065bdea6d3cde6dd3b489",
        "type": "github"
      },
      "original": {
        "owner": "megheaiulian",
        "repo": "nix-vim",
        "type": "github"
      }
    },
    "nixpkgs": {
      "locked": {
        "lastModified": 1668994630,
        "narHash": "sha256-1lqx6HLyw6fMNX/hXrrETG1vMvZRGm2XVC9O/Jt0T6c=",
        "owner": "nixos",
        "repo": "nixpkgs",
        "rev": "af50806f7c6ab40df3e6b239099e8f8385f6c78b",
        "type": "github"
      },
      "original": {
        "owner": "nixos",
        "ref": "nixos-unstable",
        "repo": "nixpkgs",
        "type": "github"
      }
    },
    "nur": {
      "locked": {
        "lastModified": 1669135763,
        "narHash": "sha256-tO0cAqVgIt0RldyHEDlEIoTn2jX/JdqowOMzY+SZjeM=",
        "owner": "nix-community",
        "repo": "NUR",
        "rev": "dc18461e261ca5d3e165fc2263e989562e6d44df",
        "type": "github"
      },
      "original": {
        "owner": "nix-community",
        "repo": "NUR",
        "type": "github"
      }
    },
    "root": {
      "inputs": {
        "core": "core",
        "nix-vim": "nix-vim",
        "nixpkgs": "nixpkgs",
        "nur": "nur"
      }
    },
    "utils": {
      "locked": {
        "lastModified": 1667395993,
        "narHash": "sha256-nuEHfE/LcWyuSWnS8t12N1wc105Qtau+/OdUAjtQ0rA=",
        "owner": "numtide",
        "repo": "flake-utils",
        "rev": "5aed5285a952e0b949eb3ba02c12fa4fcfef535f",
        "type": "github"
      },
      "original": {
        "owner": "numtide",
        "repo": "flake-utils",
        "type": "github"
      }
    }
  },
  "root": "root",
  "version": 7
}
