{
  "nodes": {
    "core": {
      "inputs": {
        "home-manager": "home-manager",
        "nixpkgs": [
          "nixpkgs"
        ]
      },
      "locked": {
        "lastModified": 1668113218,
        "narHash": "sha256-R08WtELV+dGVfBnlQikdIfv8H0HX9j8SjKurfa9PWZg=",
        "owner": "plumelo",
        "repo": "nixos",
        "rev": "0e892eeb4cec54153151a9e00d500bc945b986d4",
        "type": "github"
      },
      "original": {
        "owner": "plumelo",
        "repo": "nixos",
        "type": "github"
      }
    },
    "home-manager": {
      "inputs": {
        "nixpkgs": [
          "core",
          "nixpkgs"
        ],
        "utils": "utils"
      },
      "locked": {
        "lastModified": 1668332334,
        "narHash": "sha256-YT1qcE/MCqBO1Bi/Yr6GcFpNKsvmzrBKh8juyXDbxQc=",
        "owner": "nix-community",
        "repo": "home-manager",
        "rev": "bc90de24d898655542589237cc0a6ada7564cb6c",
        "type": "github"
      },
      "original": {
        "owner": "nix-community",
        "repo": "home-manager",
        "type": "github"
      }
    },
    "nix-vim": {
      "inputs": {
        "nixpkgs": [
          "nixpkgs"
        ]
      },
      "locked": {
        "lastModified": 1667193812,
        "narHash": "sha256-h7CEPTGUYwFDOhstlR4QElJwLdT3gcQ4F5KwHoCsY9U=",
        "owner": "megheaiulian",
        "repo": "nix-vim",
        "rev": "00f7615bc1f4cc5b26e065bdea6d3cde6dd3b489",
        "type": "github"
      },
      "original": {
        "owner": "megheaiulian",
        "repo": "nix-vim",
        "type": "github"
      }
    },
    "nixpkgs": {
      "locked": {
        "lastModified": 1668326430,
        "narHash": "sha256-fJEsHe+lzFf3qcQVTTdK9jqRtUUVXH71tdfgjcKJNpA=",
        "owner": "nixos",
        "repo": "nixpkgs",
        "rev": "fc07622617a373a742ed96d4dd536849d4bc1ec6",
        "type": "github"
      },
      "original": {
        "owner": "nixos",
        "ref": "nixos-unstable",
        "repo": "nixpkgs",
        "type": "github"
      }
    },
    "nur": {
      "locked": {
        "lastModified": 1668485465,
        "narHash": "sha256-x6nB6P2gxQ5JE2G18oHy6U26kYNNNq2GoVRIssU/1qY=",
        "owner": "nix-community",
        "repo": "NUR",
        "rev": "fbde81b9b10a198a7f89e68dbae3229e9c9220df",
        "type": "github"
      },
      "original": {
        "owner": "nix-community",
        "repo": "NUR",
        "type": "github"
      }
    },
    "root": {
      "inputs": {
        "core": "core",
        "nix-vim": "nix-vim",
        "nixpkgs": "nixpkgs",
        "nur": "nur"
      }
    },
    "utils": {
      "locked": {
        "lastModified": 1667395993,
        "narHash": "sha256-nuEHfE/LcWyuSWnS8t12N1wc105Qtau+/OdUAjtQ0rA=",
        "owner": "numtide",
        "repo": "flake-utils",
        "rev": "5aed5285a952e0b949eb3ba02c12fa4fcfef535f",
        "type": "github"
      },
      "original": {
        "owner": "numtide",
        "repo": "flake-utils",
        "type": "github"
      }
    }
  },
  "root": "root",
  "version": 7
}
